
Microsoft Visual Studio Solution File, Format Version 12.00
# Visual Studio Version 16
VisualStudioVersion = 16.0.29926.136
MinimumVisualStudioVersion = 10.0.40219.1
Project("{FAE04EC0-301F-11D3-BF4B-00C04F79EFBC}") = "Enums", "Enums\Enums.csproj", "{D6B41B50-85FA-4E9E-8DE9-EF983661F22B}"
EndProject
Global
	GlobalSection(SolutionConfigurationPlatforms) = preSolution
		Debug|Any CPU = Debug|Any CPU
		Release|Any CPU = Release|Any CPU
	EndGlobalSection
	GlobalSection(ProjectConfigurationPlatforms) = postSolution
		{D6B41B50-85FA-4E9E-8DE9-EF983661F22B}.Debug|Any CPU.ActiveCfg = Debug|Any CPU
		{D6B41B50-85FA-4E9E-8DE9-EF983661F22B}.Debug|Any CPU.Build.0 = Debug|Any CPU
		{D6B41B50-85FA-4E9E-8DE9-EF983661F22B}.Release|Any CPU.ActiveCfg = Release|Any CPU
		{D6B41B50-85FA-4E9E-8DE9-EF983661F22B}.Release|Any CPU.Build.0 = Release|Any CPU
	EndGlobalSection
	GlobalSection(SolutionProperties) = preSolution
		HideSolutionNode = FALSE
	EndGlobalSection
	GlobalSection(ExtensibilityGlobals) = postSolution
		SolutionGuid = {988B4ACD-A40F-4AE6-BC2D-AC76CC64D501}
	EndGlobalSection
EndGlobal
