
Microsoft Visual Studio Solution File, Format Version 12.00
# Visual Studio Version 16
VisualStudioVersion = 16.0.29926.136
MinimumVisualStudioVersion = 10.0.40219.1
Project("{FAE04EC0-301F-11D3-BF4B-00C04F79EFBC}") = "problemMINnumber", "problemMINnumber\problemMINnumber.csproj", "{BD6F724B-A707-4CA2-A0E2-DEE811EFCE33}"
EndProject
Global
	GlobalSection(SolutionConfigurationPlatforms) = preSolution
		Debug|Any CPU = Debug|Any CPU
		Release|Any CPU = Release|Any CPU
	EndGlobalSection
	GlobalSection(ProjectConfigurationPlatforms) = postSolution
		{BD6F724B-A707-4CA2-A0E2-DEE811EFCE33}.Debug|Any CPU.ActiveCfg = Debug|Any CPU
		{BD6F724B-A707-4CA2-A0E2-DEE811EFCE33}.Debug|Any CPU.Build.0 = Debug|Any CPU
		{BD6F724B-A707-4CA2-A0E2-DEE811EFCE33}.Release|Any CPU.ActiveCfg = Release|Any CPU
		{BD6F724B-A707-4CA2-A0E2-DEE811EFCE33}.Release|Any CPU.Build.0 = Release|Any CPU
	EndGlobalSection
	GlobalSection(SolutionProperties) = preSolution
		HideSolutionNode = FALSE
	EndGlobalSection
	GlobalSection(ExtensibilityGlobals) = postSolution
		SolutionGuid = {30D91A64-71B3-4E8F-9B79-D8D481478E7A}
	EndGlobalSection
EndGlobal
