
Microsoft Visual Studio Solution File, Format Version 12.00
# Visual Studio Version 16
VisualStudioVersion = 16.0.29926.136
MinimumVisualStudioVersion = 10.0.40219.1
Project("{FAE04EC0-301F-11D3-BF4B-00C04F79EFBC}") = "problem4", "problem4\problem4.csproj", "{50413211-7C54-4126-9366-24F9D42B67E3}"
EndProject
Global
	GlobalSection(SolutionConfigurationPlatforms) = preSolution
		Debug|Any CPU = Debug|Any CPU
		Release|Any CPU = Release|Any CPU
	EndGlobalSection
	GlobalSection(ProjectConfigurationPlatforms) = postSolution
		{50413211-7C54-4126-9366-24F9D42B67E3}.Debug|Any CPU.ActiveCfg = Debug|Any CPU
		{50413211-7C54-4126-9366-24F9D42B67E3}.Debug|Any CPU.Build.0 = Debug|Any CPU
		{50413211-7C54-4126-9366-24F9D42B67E3}.Release|Any CPU.ActiveCfg = Release|Any CPU
		{50413211-7C54-4126-9366-24F9D42B67E3}.Release|Any CPU.Build.0 = Release|Any CPU
	EndGlobalSection
	GlobalSection(SolutionProperties) = preSolution
		HideSolutionNode = FALSE
	EndGlobalSection
	GlobalSection(ExtensibilityGlobals) = postSolution
		SolutionGuid = {8FCCDB68-F2A6-43D1-A507-FAEEA5F9B81C}
	EndGlobalSection
EndGlobal
