
Microsoft Visual Studio Solution File, Format Version 12.00
# Visual Studio Version 16
VisualStudioVersion = 16.0.29926.136
MinimumVisualStudioVersion = 10.0.40219.1
Project("{FAE04EC0-301F-11D3-BF4B-00C04F79EFBC}") = "virtual_or_override", "virtual_or_override\virtual_or_override.csproj", "{C36D8908-624A-451B-A199-CDD1393E7D7A}"
EndProject
Global
	GlobalSection(SolutionConfigurationPlatforms) = preSolution
		Debug|Any CPU = Debug|Any CPU
		Release|Any CPU = Release|Any CPU
	EndGlobalSection
	GlobalSection(ProjectConfigurationPlatforms) = postSolution
		{C36D8908-624A-451B-A199-CDD1393E7D7A}.Debug|Any CPU.ActiveCfg = Debug|Any CPU
		{C36D8908-624A-451B-A199-CDD1393E7D7A}.Debug|Any CPU.Build.0 = Debug|Any CPU
		{C36D8908-624A-451B-A199-CDD1393E7D7A}.Release|Any CPU.ActiveCfg = Release|Any CPU
		{C36D8908-624A-451B-A199-CDD1393E7D7A}.Release|Any CPU.Build.0 = Release|Any CPU
	EndGlobalSection
	GlobalSection(SolutionProperties) = preSolution
		HideSolutionNode = FALSE
	EndGlobalSection
	GlobalSection(ExtensibilityGlobals) = postSolution
		SolutionGuid = {6EF318D2-FCEE-464D-8FBC-D82D41485784}
	EndGlobalSection
EndGlobal
