
Microsoft Visual Studio Solution File, Format Version 12.00
# Visual Studio Version 16
VisualStudioVersion = 16.0.29926.136
MinimumVisualStudioVersion = 10.0.40219.1
Project("{FAE04EC0-301F-11D3-BF4B-00C04F79EFBC}") = "constractor", "constractor\constractor.csproj", "{01C8911E-0D64-42B5-B182-C733AB4C6A88}"
EndProject
Global
	GlobalSection(SolutionConfigurationPlatforms) = preSolution
		Debug|Any CPU = Debug|Any CPU
		Release|Any CPU = Release|Any CPU
	EndGlobalSection
	GlobalSection(ProjectConfigurationPlatforms) = postSolution
		{01C8911E-0D64-42B5-B182-C733AB4C6A88}.Debug|Any CPU.ActiveCfg = Debug|Any CPU
		{01C8911E-0D64-42B5-B182-C733AB4C6A88}.Debug|Any CPU.Build.0 = Debug|Any CPU
		{01C8911E-0D64-42B5-B182-C733AB4C6A88}.Release|Any CPU.ActiveCfg = Release|Any CPU
		{01C8911E-0D64-42B5-B182-C733AB4C6A88}.Release|Any CPU.Build.0 = Release|Any CPU
	EndGlobalSection
	GlobalSection(SolutionProperties) = preSolution
		HideSolutionNode = FALSE
	EndGlobalSection
	GlobalSection(ExtensibilityGlobals) = postSolution
		SolutionGuid = {2A9B19F0-5C44-4E51-934E-6DB7EF5073CA}
	EndGlobalSection
EndGlobal
