
Microsoft Visual Studio Solution File, Format Version 12.00
# Visual Studio Version 16
VisualStudioVersion = 16.0.29926.136
MinimumVisualStudioVersion = 10.0.40219.1
Project("{FAE04EC0-301F-11D3-BF4B-00C04F79EFBC}") = "Datatype_convertion", "Datatype_convertion\Datatype_convertion.csproj", "{151306E2-B2C8-4AC4-997B-56D98CC571EB}"
EndProject
Global
	GlobalSection(SolutionConfigurationPlatforms) = preSolution
		Debug|Any CPU = Debug|Any CPU
		Release|Any CPU = Release|Any CPU
	EndGlobalSection
	GlobalSection(ProjectConfigurationPlatforms) = postSolution
		{151306E2-B2C8-4AC4-997B-56D98CC571EB}.Debug|Any CPU.ActiveCfg = Debug|Any CPU
		{151306E2-B2C8-4AC4-997B-56D98CC571EB}.Debug|Any CPU.Build.0 = Debug|Any CPU
		{151306E2-B2C8-4AC4-997B-56D98CC571EB}.Release|Any CPU.ActiveCfg = Release|Any CPU
		{151306E2-B2C8-4AC4-997B-56D98CC571EB}.Release|Any CPU.Build.0 = Release|Any CPU
	EndGlobalSection
	GlobalSection(SolutionProperties) = preSolution
		HideSolutionNode = FALSE
	EndGlobalSection
	GlobalSection(ExtensibilityGlobals) = postSolution
		SolutionGuid = {B8F3E5AD-AC21-44B3-9841-FE22FBBEBB3B}
	EndGlobalSection
EndGlobal
